github.com/olmaxmedical/database v0.0.0 h1:VLMZr5vMYXq5NcljKKlSebtHNG3NuYxhqloUW17Wxkc=
github.com/olmaxmedical/email v0.0.0 h1:qZ2e7K4d+/dpqdYwNpHvhokLLBqKTtetzQt0h1IJvxU=
github.com/olmaxmedical/session v0.0.1 h1:2xdSjpEg89+ClRFLPp/gR3lNxl4JjPAUd2Hsds++FFs=
golang.org/x/text v0.3.2 h1:tW2bmiBqwgJj/UpqtC8EpXEZVYOwU0yG4iWbprSVAcs=
golang.org/x/text v0.3.2/go.mod h1:bEr9sfX3Q8Zfm5fL9x+3itogRgK3+ptLWKqgva+5dAk=
golang.org/x/tools v0.0.0-20180917221912-90fa682c2a6e/go.mod h1:n7NCudcB/nEzxVGmLbDWY5pfWTLqBcC2KZ6jyYvM4mQ=
